
Microsoft Visual Studio Solution File, Format Version 12.00
Project("{2150E333-8FDC-42A3-9474-1A3956D46DE8}") = "DataProvider", "DataProvider", "{8330D155-ADAB-401D-BE10-90A8937051A9}"
EndProject
Project("{2150E333-8FDC-42A3-9474-1A3956D46DE8}") = "Domain", "Domain", "{1541DAB5-CDF8-469A-9D5F-990AC3149E3C}"
EndProject
Project("{2150E333-8FDC-42A3-9474-1A3956D46DE8}") = "EntryPoints", "EntryPoints", "{3C81D975-13E8-46A7-93C3-594B0FA91181}"
EndProject
Project("{2150E333-8FDC-42A3-9474-1A3956D46DE8}") = "UnitiTest", "UnitiTest", "{D932BDA1-E83B-404B-AE35-7CB568B21195}"
EndProject
Project("{FAE04EC0-301F-11D3-BF4B-00C04F79EFBC}") = "UniversiteDomain", "UniversiteDomain\UniversiteDomain.csproj", "{501D25A2-F509-4945-B561-D68EA2334294}"
EndProject
Project("{FAE04EC0-301F-11D3-BF4B-00C04F79EFBC}") = "UniversiteDomaineUnitTest", "UniversiteDomaineUnitTest\UniversiteDomaineUnitTest.csproj", "{334ACA3D-4725-400C-B985-63F4BC09F53A}"
EndProject
Global
	GlobalSection(SolutionConfigurationPlatforms) = preSolution
		Debug|Any CPU = Debug|Any CPU
		Release|Any CPU = Release|Any CPU
	EndGlobalSection
	GlobalSection(NestedProjects) = preSolution
		{501D25A2-F509-4945-B561-D68EA2334294} = {1541DAB5-CDF8-469A-9D5F-990AC3149E3C}
		{334ACA3D-4725-400C-B985-63F4BC09F53A} = {D932BDA1-E83B-404B-AE35-7CB568B21195}
	EndGlobalSection
	GlobalSection(ProjectConfigurationPlatforms) = postSolution
		{501D25A2-F509-4945-B561-D68EA2334294}.Debug|Any CPU.ActiveCfg = Debug|Any CPU
		{501D25A2-F509-4945-B561-D68EA2334294}.Debug|Any CPU.Build.0 = Debug|Any CPU
		{501D25A2-F509-4945-B561-D68EA2334294}.Release|Any CPU.ActiveCfg = Release|Any CPU
		{501D25A2-F509-4945-B561-D68EA2334294}.Release|Any CPU.Build.0 = Release|Any CPU
		{334ACA3D-4725-400C-B985-63F4BC09F53A}.Debug|Any CPU.ActiveCfg = Debug|Any CPU
		{334ACA3D-4725-400C-B985-63F4BC09F53A}.Debug|Any CPU.Build.0 = Debug|Any CPU
		{334ACA3D-4725-400C-B985-63F4BC09F53A}.Release|Any CPU.ActiveCfg = Release|Any CPU
		{334ACA3D-4725-400C-B985-63F4BC09F53A}.Release|Any CPU.Build.0 = Release|Any CPU
	EndGlobalSection
EndGlobal
